
Microsoft Visual Studio Solution File, Format Version 12.00
# Visual Studio Version 17
VisualStudioVersion = 17.5.33516.290
MinimumVisualStudioVersion = 10.0.40219.1
Project("{8BC9CEB8-8B4A-11D0-8D11-00A0C91BC942}") = "PatykWifiSensor", "PatykWifiSensor.vcxproj", "{BA5E7477-9303-4321-B5BB-2E5039F512D8}"
EndProject
Global
	GlobalSection(SolutionConfigurationPlatforms) = preSolution
		Debug|ARM = Debug|ARM
		Debug|ARM64 = Debug|ARM64
		Debug|x64 = Debug|x64
		Debug|x86 = Debug|x86
		Release|ARM = Release|ARM
		Release|ARM64 = Release|ARM64
		Release|x64 = Release|x64
		Release|x86 = Release|x86
	EndGlobalSection
	GlobalSection(ProjectConfigurationPlatforms) = postSolution
		{BA5E7477-9303-4321-B5BB-2E5039F512D8}.Debug|ARM.ActiveCfg = Debug|ARM
		{BA5E7477-9303-4321-B5BB-2E5039F512D8}.Debug|ARM.Build.0 = Debug|ARM
		{BA5E7477-9303-4321-B5BB-2E5039F512D8}.Debug|ARM.Deploy.0 = Debug|ARM
		{BA5E7477-9303-4321-B5BB-2E5039F512D8}.Debug|ARM64.ActiveCfg = Debug|ARM64
		{BA5E7477-9303-4321-B5BB-2E5039F512D8}.Debug|ARM64.Build.0 = Debug|ARM64
		{BA5E7477-9303-4321-B5BB-2E5039F512D8}.Debug|ARM64.Deploy.0 = Debug|ARM64
		{BA5E7477-9303-4321-B5BB-2E5039F512D8}.Debug|x64.ActiveCfg = Debug|x64
		{BA5E7477-9303-4321-B5BB-2E5039F512D8}.Debug|x64.Build.0 = Debug|x64
		{BA5E7477-9303-4321-B5BB-2E5039F512D8}.Debug|x64.Deploy.0 = Debug|x64
		{BA5E7477-9303-4321-B5BB-2E5039F512D8}.Debug|x86.ActiveCfg = Debug|x86
		{BA5E7477-9303-4321-B5BB-2E5039F512D8}.Debug|x86.Build.0 = Debug|x86
		{BA5E7477-9303-4321-B5BB-2E5039F512D8}.Debug|x86.Deploy.0 = Debug|x86
		{BA5E7477-9303-4321-B5BB-2E5039F512D8}.Release|ARM.ActiveCfg = Release|ARM
		{BA5E7477-9303-4321-B5BB-2E5039F512D8}.Release|ARM.Build.0 = Release|ARM
		{BA5E7477-9303-4321-B5BB-2E5039F512D8}.Release|ARM.Deploy.0 = Release|ARM
		{BA5E7477-9303-4321-B5BB-2E5039F512D8}.Release|ARM64.ActiveCfg = Release|ARM64
		{BA5E7477-9303-4321-B5BB-2E5039F512D8}.Release|ARM64.Build.0 = Release|ARM64
		{BA5E7477-9303-4321-B5BB-2E5039F512D8}.Release|ARM64.Deploy.0 = Release|ARM64
		{BA5E7477-9303-4321-B5BB-2E5039F512D8}.Release|x64.ActiveCfg = Release|x64
		{BA5E7477-9303-4321-B5BB-2E5039F512D8}.Release|x64.Build.0 = Release|x64
		{BA5E7477-9303-4321-B5BB-2E5039F512D8}.Release|x64.Deploy.0 = Release|x64
		{BA5E7477-9303-4321-B5BB-2E5039F512D8}.Release|x86.ActiveCfg = Release|x86
		{BA5E7477-9303-4321-B5BB-2E5039F512D8}.Release|x86.Build.0 = Release|x86
		{BA5E7477-9303-4321-B5BB-2E5039F512D8}.Release|x86.Deploy.0 = Release|x86
	EndGlobalSection
	GlobalSection(SolutionProperties) = preSolution
		HideSolutionNode = FALSE
	EndGlobalSection
	GlobalSection(ExtensibilityGlobals) = postSolution
		SolutionGuid = {DFD0C8F9-401C-482A-97AF-287A66D37E58}
	EndGlobalSection
EndGlobal
